{
  "version": 4,
  "terraform_version": "1.0.3",
  "serial": 12,
  "lineage": "0859238e-e336-ba15-f3d1-15de3d033037",
  "outputs": {},
  "resources": [
    {
      "mode": "managed",
      "type": "planetscale_database",
      "name": "primarydb",
      "provider": "provider[\"jubril.me/edu/planetscale\"]",
      "instances": [
        {
          "schema_version": 0,
          "attributes": {
            "database": [
              {
                "created_at": "2021-10-06 19:47:48.182 +0000 UTC",
                "name": "tftest",
                "notes": "",
                "region": {
                  "enabled": "true",
                  "location": "Northern Virginia",
                  "name": "US East",
                  "slug": "us-east"
                },
                "updated_at": "2021-10-06 19:47:48.29 +0000 UTC"
              }
            ],
            "id": "tftest",
            "name": "tftest",
            "notes": null,
            "organization": "gophercorp"
          },
          "sensitive_attributes": [],
          "private": "bnVsbA=="
        }
      ]
    }
  ]
}
